
Microsoft Visual Studio Solution File, Format Version 12.00
# Visual Studio Version 17
VisualStudioVersion = 17.6.33829.357
MinimumVisualStudioVersion = 10.0.40219.1
Project("{FAE04EC0-301F-11D3-BF4B-00C04F79EFBC}") = "LC-API", "LC-API/LC-API.csproj", "{D1BF6DDB-3AEE-4EF0-B6C8-4FBED65C75B9}"
EndProject
Global
	GlobalSection(SolutionConfigurationPlatforms) = preSolution
		Debug|Any CPU = Debug|Any CPU
		Release|Any CPU = Release|Any CPU
	EndGlobalSection
	GlobalSection(ProjectConfigurationPlatforms) = postSolution
		{D1BF6DDB-3AEE-4EF0-B6C8-4FBED65C75B9}.Debug|Any CPU.ActiveCfg = Release|Any CPU
		{D1BF6DDB-3AEE-4EF0-B6C8-4FBED65C75B9}.Debug|Any CPU.Build.0 = Release|Any CPU
		{D1BF6DDB-3AEE-4EF0-B6C8-4FBED65C75B9}.Release|Any CPU.ActiveCfg = Release|Any CPU
		{D1BF6DDB-3AEE-4EF0-B6C8-4FBED65C75B9}.Release|Any CPU.Build.0 = Release|Any CPU
	EndGlobalSection
	GlobalSection(SolutionProperties) = preSolution
		HideSolutionNode = FALSE
	EndGlobalSection
	GlobalSection(ExtensibilityGlobals) = postSolution
		SolutionGuid = {EB6BFF56-A2F5-4195-9F89-775EB386EDC2}
	EndGlobalSection
EndGlobal
